// !$*UTF8*$!
{
	archiveVersion = 1;
	classes = {
	};
	objectVersion = 51;
	objects = {

/* Begin PBXBuildFile section */
		7518BCCD2534BABA004DEA06 /* AppDelegate.swift in Sources */ = {isa = PBXBuildFile; fileRef = 7518BCCC2534BABA004DEA06 /* AppDelegate.swift */; };
		7518BCCF2534BABA004DEA06 /* SceneDelegate.swift in Sources */ = {isa = PBXBuildFile; fileRef = 7518BCCE2534BABA004DEA06 /* SceneDelegate.swift */; };
		7518BCD42534BABA004DEA06 /* Main.storyboard in Resources */ = {isa = PBXBuildFile; fileRef = 7518BCD22534BABA004DEA06 /* Main.storyboard */; };
		7518BCD62534BABD004DEA06 /* Assets.xcassets in Resources */ = {isa = PBXBuildFile; fileRef = 7518BCD52534BABD004DEA06 /* Assets.xcassets */; };
		7518BCD92534BABD004DEA06 /* LaunchScreen.storyboard in Resources */ = {isa = PBXBuildFile; fileRef = 7518BCD72534BABD004DEA06 /* LaunchScreen.storyboard */; };
		7527F3F12537812800567122 /* LoginPresenter.swift in Sources */ = {isa = PBXBuildFile; fileRef = 7527F3F02537812800567122 /* LoginPresenter.swift */; };
		7527F3F8253799E500567122 /* User.swift in Sources */ = {isa = PBXBuildFile; fileRef = 7527F3F7253799E500567122 /* User.swift */; };
		7527F40D25385CBE00567122 /* RegistrationViewController.swift in Sources */ = {isa = PBXBuildFile; fileRef = 7527F40C25385CBE00567122 /* RegistrationViewController.swift */; };
		7527F41025385CD300567122 /* RegistrationPresenter.swift in Sources */ = {isa = PBXBuildFile; fileRef = 7527F40F25385CD300567122 /* RegistrationPresenter.swift */; };
		7527F41525386ADD00567122 /* NetworkService.swift in Sources */ = {isa = PBXBuildFile; fileRef = 7527F41425386ADD00567122 /* NetworkService.swift */; };
		7527F41A25386D6100567122 /* LoginNetworkService.swift in Sources */ = {isa = PBXBuildFile; fileRef = 7527F41925386D6100567122 /* LoginNetworkService.swift */; };
		7527F41E25387EE900567122 /* Error.swift in Sources */ = {isa = PBXBuildFile; fileRef = 7527F41D25387EE900567122 /* Error.swift */; };
		7527F421253884D000567122 /* UserResponse.swift in Sources */ = {isa = PBXBuildFile; fileRef = 7527F420253884D000567122 /* UserResponse.swift */; };
		7527F424253888CA00567122 /* LoginUser.swift in Sources */ = {isa = PBXBuildFile; fileRef = 7527F423253888CA00567122 /* LoginUser.swift */; };
		7527F42725388C2300567122 /* RegisterUser.swift in Sources */ = {isa = PBXBuildFile; fileRef = 7527F42625388C2300567122 /* RegisterUser.swift */; };
		7527F430253A025900567122 /* RegistrationNetworkService.swift in Sources */ = {isa = PBXBuildFile; fileRef = 7527F42F253A025900567122 /* RegistrationNetworkService.swift */; };
		75994C542543072500275FC0 /* CheckBox.swift in Sources */ = {isa = PBXBuildFile; fileRef = 75994C532543072500275FC0 /* CheckBox.swift */; };
		75994C5A25430C3000275FC0 /* ShoppingCell.swift in Sources */ = {isa = PBXBuildFile; fileRef = 75994C5925430C3000275FC0 /* ShoppingCell.swift */; };
		75994C5D254310EA00275FC0 /* ShoppingViewController.swift in Sources */ = {isa = PBXBuildFile; fileRef = 75994C5C254310EA00275FC0 /* ShoppingViewController.swift */; };
		75994C602543254400275FC0 /* Session.swift in Sources */ = {isa = PBXBuildFile; fileRef = 75994C5F2543254400275FC0 /* Session.swift */; };
		75994C6325432B3700275FC0 /* SmsCode.swift in Sources */ = {isa = PBXBuildFile; fileRef = 75994C6225432B3700275FC0 /* SmsCode.swift */; };
		75994C9B25438A8700275FC0 /* Product.swift in Sources */ = {isa = PBXBuildFile; fileRef = 75994C9A25438A8700275FC0 /* Product.swift */; };
		75994C9E25438E9600275FC0 /* ShoppingPresenter.swift in Sources */ = {isa = PBXBuildFile; fileRef = 75994C9D25438E9600275FC0 /* ShoppingPresenter.swift */; };
		75994CB625443A3200275FC0 /* RecipesPresenter.swift in Sources */ = {isa = PBXBuildFile; fileRef = 75994CA525443A3200275FC0 /* RecipesPresenter.swift */; };
		75994CB725443A3200275FC0 /* RecipePresenter.swift in Sources */ = {isa = PBXBuildFile; fileRef = 75994CA625443A3200275FC0 /* RecipePresenter.swift */; };
		75994CB925443A3200275FC0 /* RecipesNetworkService.swift in Sources */ = {isa = PBXBuildFile; fileRef = 75994CA925443A3200275FC0 /* RecipesNetworkService.swift */; };
		75994CBA25443A3200275FC0 /* Recipe.swift in Sources */ = {isa = PBXBuildFile; fileRef = 75994CAB25443A3200275FC0 /* Recipe.swift */; };
		75994CBB25443A3200275FC0 /* StepsTableView.swift in Sources */ = {isa = PBXBuildFile; fileRef = 75994CAE25443A3200275FC0 /* StepsTableView.swift */; };
		75994CBC25443A3200275FC0 /* IngridientsTableView.swift in Sources */ = {isa = PBXBuildFile; fileRef = 75994CAF25443A3200275FC0 /* IngridientsTableView.swift */; };
		75994CBD25443A3200275FC0 /* StepTableViewCell.swift in Sources */ = {isa = PBXBuildFile; fileRef = 75994CB025443A3200275FC0 /* StepTableViewCell.swift */; };
		75994CBE25443A3200275FC0 /* RecipeViewController.swift in Sources */ = {isa = PBXBuildFile; fileRef = 75994CB125443A3200275FC0 /* RecipeViewController.swift */; };
		75994CBF25443A3200275FC0 /* IngridientTableViewCell.swift in Sources */ = {isa = PBXBuildFile; fileRef = 75994CB225443A3200275FC0 /* IngridientTableViewCell.swift */; };
		75994CC025443A3200275FC0 /* RecipeTableViewCell.swift in Sources */ = {isa = PBXBuildFile; fileRef = 75994CB425443A3200275FC0 /* RecipeTableViewCell.swift */; };
		75994CC125443A3200275FC0 /* RecipesViewController.swift in Sources */ = {isa = PBXBuildFile; fileRef = 75994CB525443A3200275FC0 /* RecipesViewController.swift */; };
		75994CCB2544A2BB00275FC0 /* ProductCreatorViewController.swift in Sources */ = {isa = PBXBuildFile; fileRef = 75994CCA2544A2BB00275FC0 /* ProductCreatorViewController.swift */; };
		75994CD22544EEC400275FC0 /* PanelTransition.swift in Sources */ = {isa = PBXBuildFile; fileRef = 75994CD12544EEC400275FC0 /* PanelTransition.swift */; };
		75994CD52544EFB800275FC0 /* PresentationController.swift in Sources */ = {isa = PBXBuildFile; fileRef = 75994CD42544EFB800275FC0 /* PresentationController.swift */; };
		75994CD82544F52200275FC0 /* DimmPresentationController.swift in Sources */ = {isa = PBXBuildFile; fileRef = 75994CD72544F52200275FC0 /* DimmPresentationController.swift */; };
		75994CDB2545C0EB00275FC0 /* PresentAnimation.swift in Sources */ = {isa = PBXBuildFile; fileRef = 75994CDA2545C0E900275FC0 /* PresentAnimation.swift */; };
		75994CDE2545C10100275FC0 /* DismissAnimation.swift in Sources */ = {isa = PBXBuildFile; fileRef = 75994CDD2545C10100275FC0 /* DismissAnimation.swift */; };
		75994CE12547018700275FC0 /* DataBaseService.swift in Sources */ = {isa = PBXBuildFile; fileRef = 75994CE02547018700275FC0 /* DataBaseService.swift */; };
		75C430C62536C40B001C261E /* LoginViewController.swift in Sources */ = {isa = PBXBuildFile; fileRef = 75C430C52536C40B001C261E /* LoginViewController.swift */; };
		75DA483E253B336F00AEDA22 /* SettingsService.swift in Sources */ = {isa = PBXBuildFile; fileRef = 75DA483D253B336F00AEDA22 /* SettingsService.swift */; };
		75DA4847253B4AD300AEDA22 /* PhoneViewController.swift in Sources */ = {isa = PBXBuildFile; fileRef = 75DA4846253B4AD300AEDA22 /* PhoneViewController.swift */; };
		75DA484A253B4AF800AEDA22 /* PhonePresenter.swift in Sources */ = {isa = PBXBuildFile; fileRef = 75DA4849253B4AF800AEDA22 /* PhonePresenter.swift */; };
		75DA484D253B4B0700AEDA22 /* PhoneNetworkService.swift in Sources */ = {isa = PBXBuildFile; fileRef = 75DA484C253B4B0700AEDA22 /* PhoneNetworkService.swift */; };
		75DA4856253C6D7700AEDA22 /* LaunchViewController.swift in Sources */ = {isa = PBXBuildFile; fileRef = 75DA4855253C6D7700AEDA22 /* LaunchViewController.swift */; };
		75DA4859253C6D9500AEDA22 /* LaunchPresenter.swift in Sources */ = {isa = PBXBuildFile; fileRef = 75DA4858253C6D9500AEDA22 /* LaunchPresenter.swift */; };
		75DA485D253C6F1600AEDA22 /* LaunchNetworkServices.swift in Sources */ = {isa = PBXBuildFile; fileRef = 75DA485C253C6F1600AEDA22 /* LaunchNetworkServices.swift */; };
		75F710C22559D5F000199184 /* ProductRealm.swift in Sources */ = {isa = PBXBuildFile; fileRef = 75F710C12559D5F000199184 /* ProductRealm.swift */; };
		75F710C92559E2A700199184 /* ProductListRealm.swift in Sources */ = {isa = PBXBuildFile; fileRef = 75F710C82559E2A700199184 /* ProductListRealm.swift */; };
		75F710CC2559F50300199184 /* DatabaseService.swift in Sources */ = {isa = PBXBuildFile; fileRef = 75F710CB2559F50300199184 /* DatabaseService.swift */; };
		C50A8560F00C4D28782A7241 /* Pods_Recipe_Book.framework in Frameworks */ = {isa = PBXBuildFile; fileRef = AB258C25EB123DAC95441FE9 /* Pods_Recipe_Book.framework */; };
/* End PBXBuildFile section */

/* Begin PBXFileReference section */
		7518BCC92534BABA004DEA06 /* Recipe-Book.app */ = {isa = PBXFileReference; explicitFileType = wrapper.application; includeInIndex = 0; path = "Recipe-Book.app"; sourceTree = BUILT_PRODUCTS_DIR; };
		7518BCCC2534BABA004DEA06 /* AppDelegate.swift */ = {isa = PBXFileReference; lastKnownFileType = sourcecode.swift; path = AppDelegate.swift; sourceTree = "<group>"; };
		7518BCCE2534BABA004DEA06 /* SceneDelegate.swift */ = {isa = PBXFileReference; lastKnownFileType = sourcecode.swift; path = SceneDelegate.swift; sourceTree = "<group>"; };
		7518BCD32534BABA004DEA06 /* Base */ = {isa = PBXFileReference; lastKnownFileType = file.storyboard; name = Base; path = Base.lproj/Main.storyboard; sourceTree = "<group>"; };
		7518BCD52534BABD004DEA06 /* Assets.xcassets */ = {isa = PBXFileReference; lastKnownFileType = folder.assetcatalog; path = Assets.xcassets; sourceTree = "<group>"; };
		7518BCD82534BABD004DEA06 /* Base */ = {isa = PBXFileReference; lastKnownFileType = file.storyboard; name = Base; path = Base.lproj/LaunchScreen.storyboard; sourceTree = "<group>"; };
		7518BCDA2534BABD004DEA06 /* Info.plist */ = {isa = PBXFileReference; lastKnownFileType = text.plist.xml; path = Info.plist; sourceTree = "<group>"; };
		7527F3F02537812800567122 /* LoginPresenter.swift */ = {isa = PBXFileReference; lastKnownFileType = sourcecode.swift; path = LoginPresenter.swift; sourceTree = "<group>"; };
		7527F3F7253799E500567122 /* User.swift */ = {isa = PBXFileReference; lastKnownFileType = sourcecode.swift; path = User.swift; sourceTree = "<group>"; };
		7527F40C25385CBE00567122 /* RegistrationViewController.swift */ = {isa = PBXFileReference; lastKnownFileType = sourcecode.swift; path = RegistrationViewController.swift; sourceTree = "<group>"; };
		7527F40F25385CD300567122 /* RegistrationPresenter.swift */ = {isa = PBXFileReference; lastKnownFileType = sourcecode.swift; path = RegistrationPresenter.swift; sourceTree = "<group>"; };
		7527F41425386ADD00567122 /* NetworkService.swift */ = {isa = PBXFileReference; lastKnownFileType = sourcecode.swift; path = NetworkService.swift; sourceTree = "<group>"; };
		7527F41925386D6100567122 /* LoginNetworkService.swift */ = {isa = PBXFileReference; lastKnownFileType = sourcecode.swift; path = LoginNetworkService.swift; sourceTree = "<group>"; };
		7527F41D25387EE900567122 /* Error.swift */ = {isa = PBXFileReference; lastKnownFileType = sourcecode.swift; path = Error.swift; sourceTree = "<group>"; };
		7527F420253884D000567122 /* UserResponse.swift */ = {isa = PBXFileReference; lastKnownFileType = sourcecode.swift; path = UserResponse.swift; sourceTree = "<group>"; };
		7527F423253888CA00567122 /* LoginUser.swift */ = {isa = PBXFileReference; lastKnownFileType = sourcecode.swift; path = LoginUser.swift; sourceTree = "<group>"; };
		7527F42625388C2300567122 /* RegisterUser.swift */ = {isa = PBXFileReference; lastKnownFileType = sourcecode.swift; path = RegisterUser.swift; sourceTree = "<group>"; };
		7527F42F253A025900567122 /* RegistrationNetworkService.swift */ = {isa = PBXFileReference; lastKnownFileType = sourcecode.swift; path = RegistrationNetworkService.swift; sourceTree = "<group>"; };
		75994C532543072500275FC0 /* CheckBox.swift */ = {isa = PBXFileReference; lastKnownFileType = sourcecode.swift; path = CheckBox.swift; sourceTree = "<group>"; };
		75994C5925430C3000275FC0 /* ShoppingCell.swift */ = {isa = PBXFileReference; lastKnownFileType = sourcecode.swift; path = ShoppingCell.swift; sourceTree = "<group>"; };
		75994C5C254310EA00275FC0 /* ShoppingViewController.swift */ = {isa = PBXFileReference; lastKnownFileType = sourcecode.swift; path = ShoppingViewController.swift; sourceTree = "<group>"; };
		75994C5F2543254400275FC0 /* Session.swift */ = {isa = PBXFileReference; lastKnownFileType = sourcecode.swift; path = Session.swift; sourceTree = "<group>"; };
		75994C6225432B3700275FC0 /* SmsCode.swift */ = {isa = PBXFileReference; lastKnownFileType = sourcecode.swift; path = SmsCode.swift; sourceTree = "<group>"; };
		75994C9A25438A8700275FC0 /* Product.swift */ = {isa = PBXFileReference; lastKnownFileType = sourcecode.swift; path = Product.swift; sourceTree = "<group>"; };
		75994C9D25438E9600275FC0 /* ShoppingPresenter.swift */ = {isa = PBXFileReference; lastKnownFileType = sourcecode.swift; path = ShoppingPresenter.swift; sourceTree = "<group>"; };
		75994CA525443A3200275FC0 /* RecipesPresenter.swift */ = {isa = PBXFileReference; fileEncoding = 4; lastKnownFileType = sourcecode.swift; path = RecipesPresenter.swift; sourceTree = "<group>"; };
		75994CA625443A3200275FC0 /* RecipePresenter.swift */ = {isa = PBXFileReference; fileEncoding = 4; lastKnownFileType = sourcecode.swift; path = RecipePresenter.swift; sourceTree = "<group>"; };
		75994CA925443A3200275FC0 /* RecipesNetworkService.swift */ = {isa = PBXFileReference; fileEncoding = 4; lastKnownFileType = sourcecode.swift; path = RecipesNetworkService.swift; sourceTree = "<group>"; };
		75994CAB25443A3200275FC0 /* Recipe.swift */ = {isa = PBXFileReference; fileEncoding = 4; lastKnownFileType = sourcecode.swift; path = Recipe.swift; sourceTree = "<group>"; };
		75994CAE25443A3200275FC0 /* StepsTableView.swift */ = {isa = PBXFileReference; fileEncoding = 4; lastKnownFileType = sourcecode.swift; path = StepsTableView.swift; sourceTree = "<group>"; };
		75994CAF25443A3200275FC0 /* IngridientsTableView.swift */ = {isa = PBXFileReference; fileEncoding = 4; lastKnownFileType = sourcecode.swift; path = IngridientsTableView.swift; sourceTree = "<group>"; };
		75994CB025443A3200275FC0 /* StepTableViewCell.swift */ = {isa = PBXFileReference; fileEncoding = 4; lastKnownFileType = sourcecode.swift; path = StepTableViewCell.swift; sourceTree = "<group>"; };
		75994CB125443A3200275FC0 /* RecipeViewController.swift */ = {isa = PBXFileReference; fileEncoding = 4; lastKnownFileType = sourcecode.swift; path = RecipeViewController.swift; sourceTree = "<group>"; };
		75994CB225443A3200275FC0 /* IngridientTableViewCell.swift */ = {isa = PBXFileReference; fileEncoding = 4; lastKnownFileType = sourcecode.swift; path = IngridientTableViewCell.swift; sourceTree = "<group>"; };
		75994CB425443A3200275FC0 /* RecipeTableViewCell.swift */ = {isa = PBXFileReference; fileEncoding = 4; lastKnownFileType = sourcecode.swift; path = RecipeTableViewCell.swift; sourceTree = "<group>"; };
		75994CB525443A3200275FC0 /* RecipesViewController.swift */ = {isa = PBXFileReference; fileEncoding = 4; lastKnownFileType = sourcecode.swift; path = RecipesViewController.swift; sourceTree = "<group>"; };
		75994CCA2544A2BB00275FC0 /* ProductCreatorViewController.swift */ = {isa = PBXFileReference; lastKnownFileType = sourcecode.swift; path = ProductCreatorViewController.swift; sourceTree = "<group>"; };
		75994CD12544EEC400275FC0 /* PanelTransition.swift */ = {isa = PBXFileReference; lastKnownFileType = sourcecode.swift; path = PanelTransition.swift; sourceTree = "<group>"; };
		75994CD42544EFB800275FC0 /* PresentationController.swift */ = {isa = PBXFileReference; lastKnownFileType = sourcecode.swift; path = PresentationController.swift; sourceTree = "<group>"; };
		75994CD72544F52200275FC0 /* DimmPresentationController.swift */ = {isa = PBXFileReference; lastKnownFileType = sourcecode.swift; path = DimmPresentationController.swift; sourceTree = "<group>"; };
		75994CDA2545C0E900275FC0 /* PresentAnimation.swift */ = {isa = PBXFileReference; lastKnownFileType = sourcecode.swift; path = PresentAnimation.swift; sourceTree = "<group>"; };
		75994CDD2545C10100275FC0 /* DismissAnimation.swift */ = {isa = PBXFileReference; lastKnownFileType = sourcecode.swift; path = DismissAnimation.swift; sourceTree = "<group>"; };
		75994CE02547018700275FC0 /* DataBaseService.swift */ = {isa = PBXFileReference; lastKnownFileType = sourcecode.swift; path = DataBaseService.swift; sourceTree = "<group>"; };
		75C430C52536C40B001C261E /* LoginViewController.swift */ = {isa = PBXFileReference; lastKnownFileType = sourcecode.swift; path = LoginViewController.swift; sourceTree = "<group>"; };
		75DA483D253B336F00AEDA22 /* SettingsService.swift */ = {isa = PBXFileReference; lastKnownFileType = sourcecode.swift; path = SettingsService.swift; sourceTree = "<group>"; };
		75DA4846253B4AD300AEDA22 /* PhoneViewController.swift */ = {isa = PBXFileReference; lastKnownFileType = sourcecode.swift; path = PhoneViewController.swift; sourceTree = "<group>"; };
		75DA4849253B4AF800AEDA22 /* PhonePresenter.swift */ = {isa = PBXFileReference; lastKnownFileType = sourcecode.swift; path = PhonePresenter.swift; sourceTree = "<group>"; };
		75DA484C253B4B0700AEDA22 /* PhoneNetworkService.swift */ = {isa = PBXFileReference; lastKnownFileType = sourcecode.swift; path = PhoneNetworkService.swift; sourceTree = "<group>"; };
		75DA4855253C6D7700AEDA22 /* LaunchViewController.swift */ = {isa = PBXFileReference; lastKnownFileType = sourcecode.swift; path = LaunchViewController.swift; sourceTree = "<group>"; };
		75DA4858253C6D9500AEDA22 /* LaunchPresenter.swift */ = {isa = PBXFileReference; lastKnownFileType = sourcecode.swift; path = LaunchPresenter.swift; sourceTree = "<group>"; };
		75DA485C253C6F1600AEDA22 /* LaunchNetworkServices.swift */ = {isa = PBXFileReference; lastKnownFileType = sourcecode.swift; path = LaunchNetworkServices.swift; sourceTree = "<group>"; };
		75F710C12559D5F000199184 /* ProductRealm.swift */ = {isa = PBXFileReference; lastKnownFileType = sourcecode.swift; path = ProductRealm.swift; sourceTree = "<group>"; };
		75F710C82559E2A700199184 /* ProductListRealm.swift */ = {isa = PBXFileReference; lastKnownFileType = sourcecode.swift; path = ProductListRealm.swift; sourceTree = "<group>"; };
		75F710CB2559F50300199184 /* DatabaseService.swift */ = {isa = PBXFileReference; lastKnownFileType = sourcecode.swift; path = DatabaseService.swift; sourceTree = "<group>"; };
		89B917C489D5646649889660 /* Pods-Recipe-Book.debug.xcconfig */ = {isa = PBXFileReference; includeInIndex = 1; lastKnownFileType = text.xcconfig; name = "Pods-Recipe-Book.debug.xcconfig"; path = "Target Support Files/Pods-Recipe-Book/Pods-Recipe-Book.debug.xcconfig"; sourceTree = "<group>"; };
		AAC12EF1573FBEC2760C9237 /* Pods-Recipe-Book.release.xcconfig */ = {isa = PBXFileReference; includeInIndex = 1; lastKnownFileType = text.xcconfig; name = "Pods-Recipe-Book.release.xcconfig"; path = "Target Support Files/Pods-Recipe-Book/Pods-Recipe-Book.release.xcconfig"; sourceTree = "<group>"; };
		AB258C25EB123DAC95441FE9 /* Pods_Recipe_Book.framework */ = {isa = PBXFileReference; explicitFileType = wrapper.framework; includeInIndex = 0; path = Pods_Recipe_Book.framework; sourceTree = BUILT_PRODUCTS_DIR; };
/* End PBXFileReference section */

/* Begin PBXFrameworksBuildPhase section */
		7518BCC62534BABA004DEA06 /* Frameworks */ = {
			isa = PBXFrameworksBuildPhase;
			buildActionMask = 2147483647;
			files = (
				C50A8560F00C4D28782A7241 /* Pods_Recipe_Book.framework in Frameworks */,
			);
			runOnlyForDeploymentPostprocessing = 0;
		};
/* End PBXFrameworksBuildPhase section */

/* Begin PBXGroup section */
		443F0C59F9ABA2DEA3455D3C /* Frameworks */ = {
			isa = PBXGroup;
			children = (
				AB258C25EB123DAC95441FE9 /* Pods_Recipe_Book.framework */,
			);
			name = Frameworks;
			sourceTree = "<group>";
		};
		622AF23E3556F02238FAE17E /* Pods */ = {
			isa = PBXGroup;
			children = (
				89B917C489D5646649889660 /* Pods-Recipe-Book.debug.xcconfig */,
				AAC12EF1573FBEC2760C9237 /* Pods-Recipe-Book.release.xcconfig */,
			);
			path = Pods;
			sourceTree = "<group>";
		};
		7518BCC02534BABA004DEA06 = {
			isa = PBXGroup;
			children = (
				7518BCCB2534BABA004DEA06 /* Recipe-Book */,
				7518BCCA2534BABA004DEA06 /* Products */,
				622AF23E3556F02238FAE17E /* Pods */,
				443F0C59F9ABA2DEA3455D3C /* Frameworks */,
			);
			sourceTree = "<group>";
		};
		7518BCCA2534BABA004DEA06 /* Products */ = {
			isa = PBXGroup;
			children = (
				7518BCC92534BABA004DEA06 /* Recipe-Book.app */,
			);
			name = Products;
			sourceTree = "<group>";
		};
		7518BCCB2534BABA004DEA06 /* Recipe-Book */ = {
			isa = PBXGroup;
			children = (
				75994CCF2544EDD600275FC0 /* ProductCreator */,
				75994CA325443A3200275FC0 /* Recipes */,
				75994C4E254305E200275FC0 /* ShoppingList */,
				75DA4850253C6C8D00AEDA22 /* Launch */,
				7527F3FA2538393F00567122 /* App */,
				75DA4841253B4A3700AEDA22 /* PhoneConfirmation */,
				7527F42A253A01DA00567122 /* Registration */,
				7527F3F32537997600567122 /* Login */,
				7527F3FE253839E800567122 /* Common */,
			);
			path = "Recipe-Book";
			sourceTree = "<group>";
		};
		7527F3F32537997600567122 /* Login */ = {
			isa = PBXGroup;
			children = (
				7527F3F62537999200567122 /* Model */,
				7527F3F42537998100567122 /* View */,
				7527F3F52537998800567122 /* Presenter */,
				7527F41825386D3800567122 /* LoginNetworkService */,
			);
			path = Login;
			sourceTree = "<group>";
		};
		7527F3F42537998100567122 /* View */ = {
			isa = PBXGroup;
			children = (
				75C430C52536C40B001C261E /* LoginViewController.swift */,
			);
			path = View;
			sourceTree = "<group>";
		};
		7527F3F52537998800567122 /* Presenter */ = {
			isa = PBXGroup;
			children = (
				7527F3F02537812800567122 /* LoginPresenter.swift */,
			);
			path = Presenter;
			sourceTree = "<group>";
		};
		7527F3F62537999200567122 /* Model */ = {
			isa = PBXGroup;
			children = (
				7527F420253884D000567122 /* UserResponse.swift */,
				7527F423253888CA00567122 /* LoginUser.swift */,
			);
			path = Model;
			sourceTree = "<group>";
		};
		7527F3FA2538393F00567122 /* App */ = {
			isa = PBXGroup;
			children = (
				7527F3FB2538394D00567122 /* Model */,
				7527F3FD2538396000567122 /* View */,
				7527F3FC2538395400567122 /* Presenter */,
				7527F41225386AB900567122 /* Services */,
			);
			path = App;
			sourceTree = "<group>";
		};
		7527F3FB2538394D00567122 /* Model */ = {
			isa = PBXGroup;
			children = (
				7527F3F7253799E500567122 /* User.swift */,
				7527F41D25387EE900567122 /* Error.swift */,
				75F710C82559E2A700199184 /* ProductListRealm.swift */,
			);
			path = Model;
			sourceTree = "<group>";
		};
		7527F3FC2538395400567122 /* Presenter */ = {
			isa = PBXGroup;
			children = (
				7518BCCC2534BABA004DEA06 /* AppDelegate.swift */,
			);
			path = Presenter;
			sourceTree = "<group>";
		};
		7527F3FD2538396000567122 /* View */ = {
			isa = PBXGroup;
			children = (
				7518BCCE2534BABA004DEA06 /* SceneDelegate.swift */,
				7518BCD22534BABA004DEA06 /* Main.storyboard */,
				7518BCD72534BABD004DEA06 /* LaunchScreen.storyboard */,
			);
			path = View;
			sourceTree = "<group>";
		};
		7527F3FE253839E800567122 /* Common */ = {
			isa = PBXGroup;
			children = (
				7518BCD52534BABD004DEA06 /* Assets.xcassets */,
				7518BCDA2534BABD004DEA06 /* Info.plist */,
			);
			path = Common;
			sourceTree = "<group>";
		};
		7527F41225386AB900567122 /* Services */ = {
			isa = PBXGroup;
			children = (
				7527F41425386ADD00567122 /* NetworkService.swift */,
				75DA483D253B336F00AEDA22 /* SettingsService.swift */,
				75994CE02547018700275FC0 /* DataBaseService.swift */,
			);
			path = Services;
			sourceTree = "<group>";
		};
		7527F41825386D3800567122 /* LoginNetworkService */ = {
			isa = PBXGroup;
			children = (
				7527F41925386D6100567122 /* LoginNetworkService.swift */,
			);
			path = LoginNetworkService;
			sourceTree = "<group>";
		};
		7527F42A253A01DA00567122 /* Registration */ = {
			isa = PBXGroup;
			children = (
				7527F42B253A01E500567122 /* Model */,
				7527F42D253A01F300567122 /* View */,
				7527F42C253A01EC00567122 /* Presenter */,
				7527F42E253A022F00567122 /* RegistrationNetworkService */,
			);
			path = Registration;
			sourceTree = "<group>";
		};
		7527F42B253A01E500567122 /* Model */ = {
			isa = PBXGroup;
			children = (
				7527F42625388C2300567122 /* RegisterUser.swift */,
			);
			path = Model;
			sourceTree = "<group>";
		};
		7527F42C253A01EC00567122 /* Presenter */ = {
			isa = PBXGroup;
			children = (
				7527F40F25385CD300567122 /* RegistrationPresenter.swift */,
			);
			path = Presenter;
			sourceTree = "<group>";
		};
		7527F42D253A01F300567122 /* View */ = {
			isa = PBXGroup;
			children = (
				7527F40C25385CBE00567122 /* RegistrationViewController.swift */,
			);
			path = View;
			sourceTree = "<group>";
		};
		7527F42E253A022F00567122 /* RegistrationNetworkService */ = {
			isa = PBXGroup;
			children = (
				7527F42F253A025900567122 /* RegistrationNetworkService.swift */,
			);
			path = RegistrationNetworkService;
			sourceTree = "<group>";
		};
		75994C4E254305E200275FC0 /* ShoppingList */ = {
			isa = PBXGroup;
			children = (
				75994C522543071500275FC0 /* Model */,
				75994C512543070E00275FC0 /* View */,
				75994C502543070200275FC0 /* Presenter */,
				75994C4F254306E500275FC0 /* ShoppingDatabaseService */,
			);
			path = ShoppingList;
			sourceTree = "<group>";
		};
		75994C4F254306E500275FC0 /* ShoppingDatabaseService */ = {
			isa = PBXGroup;
			children = (
				75F710CB2559F50300199184 /* DatabaseService.swift */,
			);
			path = ShoppingDatabaseService;
			sourceTree = "<group>";
		};
		75994C502543070200275FC0 /* Presenter */ = {
			isa = PBXGroup;
			children = (
				75994C9D25438E9600275FC0 /* ShoppingPresenter.swift */,
			);
			path = Presenter;
			sourceTree = "<group>";
		};
		75994C512543070E00275FC0 /* View */ = {
			isa = PBXGroup;
			children = (
				75994C532543072500275FC0 /* CheckBox.swift */,
				75994C5925430C3000275FC0 /* ShoppingCell.swift */,
				75994C5C254310EA00275FC0 /* ShoppingViewController.swift */,
			);
			path = View;
			sourceTree = "<group>";
		};
		75994C522543071500275FC0 /* Model */ = {
			isa = PBXGroup;
			children = (
				75F710C12559D5F000199184 /* ProductRealm.swift */,
				75994C9A25438A8700275FC0 /* Product.swift */,
			);
			path = Model;
			sourceTree = "<group>";
		};
		75994CA325443A3200275FC0 /* Recipes */ = {
			isa = PBXGroup;
			children = (
				75994CA425443A3200275FC0 /* Presenter */,
				75994CA825443A3200275FC0 /* Network */,
				75994CAA25443A3200275FC0 /* Model */,
				75994CAC25443A3200275FC0 /* View */,
			);
			path = Recipes;
			sourceTree = "<group>";
		};
		75994CA425443A3200275FC0 /* Presenter */ = {
			isa = PBXGroup;
			children = (
				75994CA525443A3200275FC0 /* RecipesPresenter.swift */,
				75994CA625443A3200275FC0 /* RecipePresenter.swift */,
			);
			path = Presenter;
			sourceTree = "<group>";
		};
		75994CA825443A3200275FC0 /* Network */ = {
			isa = PBXGroup;
			children = (
				75994CA925443A3200275FC0 /* RecipesNetworkService.swift */,
			);
			path = Network;
			sourceTree = "<group>";
		};
		75994CAA25443A3200275FC0 /* Model */ = {
			isa = PBXGroup;
			children = (
				75994CAB25443A3200275FC0 /* Recipe.swift */,
			);
			path = Model;
			sourceTree = "<group>";
		};
		75994CAC25443A3200275FC0 /* View */ = {
			isa = PBXGroup;
			children = (
				75994CAD25443A3200275FC0 /* Recipe */,
				75994CB325443A3200275FC0 /* Recipes */,
			);
			path = View;
			sourceTree = "<group>";
		};
		75994CAD25443A3200275FC0 /* Recipe */ = {
			isa = PBXGroup;
			children = (
				75994CAE25443A3200275FC0 /* StepsTableView.swift */,
				75994CAF25443A3200275FC0 /* IngridientsTableView.swift */,
				75994CB025443A3200275FC0 /* StepTableViewCell.swift */,
				75994CB125443A3200275FC0 /* RecipeViewController.swift */,
				75994CB225443A3200275FC0 /* IngridientTableViewCell.swift */,
			);
			path = Recipe;
			sourceTree = "<group>";
		};
		75994CB325443A3200275FC0 /* Recipes */ = {
			isa = PBXGroup;
			children = (
				75994CB425443A3200275FC0 /* RecipeTableViewCell.swift */,
				75994CB525443A3200275FC0 /* RecipesViewController.swift */,
			);
			path = Recipes;
			sourceTree = "<group>";
		};
		75994CCF2544EDD600275FC0 /* ProductCreator */ = {
			isa = PBXGroup;
			children = (
				75994CD02544EDE500275FC0 /* View */,
			);
			path = ProductCreator;
			sourceTree = "<group>";
		};
		75994CD02544EDE500275FC0 /* View */ = {
			isa = PBXGroup;
			children = (
				75994CCA2544A2BB00275FC0 /* ProductCreatorViewController.swift */,
				75994CD12544EEC400275FC0 /* PanelTransition.swift */,
				75994CD42544EFB800275FC0 /* PresentationController.swift */,
				75994CD72544F52200275FC0 /* DimmPresentationController.swift */,
				75994CDA2545C0E900275FC0 /* PresentAnimation.swift */,
				75994CDD2545C10100275FC0 /* DismissAnimation.swift */,
			);
			path = View;
			sourceTree = "<group>";
		};
		75DA4841253B4A3700AEDA22 /* PhoneConfirmation */ = {
			isa = PBXGroup;
			children = (
				75DA4842253B4A5500AEDA22 /* Model */,
				75DA4843253B4A6000AEDA22 /* View */,
				75DA4844253B4A6900AEDA22 /* Presenter */,
				75DA4845253B4A7600AEDA22 /* PhoneNetworkService */,
			);
			path = PhoneConfirmation;
			sourceTree = "<group>";
		};
		75DA4842253B4A5500AEDA22 /* Model */ = {
			isa = PBXGroup;
			children = (
				75994C6225432B3700275FC0 /* SmsCode.swift */,
			);
			path = Model;
			sourceTree = "<group>";
		};
		75DA4843253B4A6000AEDA22 /* View */ = {
			isa = PBXGroup;
			children = (
				75DA4846253B4AD300AEDA22 /* PhoneViewController.swift */,
			);
			path = View;
			sourceTree = "<group>";
		};
		75DA4844253B4A6900AEDA22 /* Presenter */ = {
			isa = PBXGroup;
			children = (
				75DA4849253B4AF800AEDA22 /* PhonePresenter.swift */,
			);
			path = Presenter;
			sourceTree = "<group>";
		};
		75DA4845253B4A7600AEDA22 /* PhoneNetworkService */ = {
			isa = PBXGroup;
			children = (
				75DA484C253B4B0700AEDA22 /* PhoneNetworkService.swift */,
			);
			path = PhoneNetworkService;
			sourceTree = "<group>";
		};
		75DA4850253C6C8D00AEDA22 /* Launch */ = {
			isa = PBXGroup;
			children = (
				75DA4851253C6C9B00AEDA22 /* Model */,
				75DA4852253C6CA200AEDA22 /* View */,
				75DA4853253C6CAD00AEDA22 /* Presenter */,
				75DA485B253C6DA100AEDA22 /* LaunchNetworkService */,
			);
			path = Launch;
			sourceTree = "<group>";
		};
		75DA4851253C6C9B00AEDA22 /* Model */ = {
			isa = PBXGroup;
			children = (
				75994C5F2543254400275FC0 /* Session.swift */,
			);
			path = Model;
			sourceTree = "<group>";
		};
		75DA4852253C6CA200AEDA22 /* View */ = {
			isa = PBXGroup;
			children = (
				75DA4855253C6D7700AEDA22 /* LaunchViewController.swift */,
			);
			path = View;
			sourceTree = "<group>";
		};
		75DA4853253C6CAD00AEDA22 /* Presenter */ = {
			isa = PBXGroup;
			children = (
				75DA4858253C6D9500AEDA22 /* LaunchPresenter.swift */,
			);
			path = Presenter;
			sourceTree = "<group>";
		};
		75DA485B253C6DA100AEDA22 /* LaunchNetworkService */ = {
			isa = PBXGroup;
			children = (
				75DA485C253C6F1600AEDA22 /* LaunchNetworkServices.swift */,
			);
			path = LaunchNetworkService;
			sourceTree = "<group>";
		};
/* End PBXGroup section */

/* Begin PBXNativeTarget section */
		7518BCC82534BABA004DEA06 /* Recipe-Book */ = {
			isa = PBXNativeTarget;
			buildConfigurationList = 7518BCDD2534BABD004DEA06 /* Build configuration list for PBXNativeTarget "Recipe-Book" */;
			buildPhases = (
				D2F3E2D49F1E6870D2D2577E /* [CP] Check Pods Manifest.lock */,
				7518BCC52534BABA004DEA06 /* Sources */,
				7518BCC62534BABA004DEA06 /* Frameworks */,
				7518BCC72534BABA004DEA06 /* Resources */,
				6D51A055AFB165713DF6916A /* [CP] Embed Pods Frameworks */,
			);
			buildRules = (
			);
			dependencies = (
			);
			name = "Recipe-Book";
			productName = "Recipe-Book";
			productReference = 7518BCC92534BABA004DEA06 /* Recipe-Book.app */;
			productType = "com.apple.product-type.application";
		};
/* End PBXNativeTarget section */

/* Begin PBXProject section */
		7518BCC12534BABA004DEA06 /* Project object */ = {
			isa = PBXProject;
			attributes = {
				LastSwiftUpdateCheck = 1200;
				LastUpgradeCheck = 1200;
				TargetAttributes = {
					7518BCC82534BABA004DEA06 = {
						CreatedOnToolsVersion = 12.0.1;
					};
				};
			};
			buildConfigurationList = 7518BCC42534BABA004DEA06 /* Build configuration list for PBXProject "Recipe-Book" */;
			compatibilityVersion = "Xcode 9.3";
			developmentRegion = en;
			hasScannedForEncodings = 0;
			knownRegions = (
				en,
				Base,
			);
			mainGroup = 7518BCC02534BABA004DEA06;
			productRefGroup = 7518BCCA2534BABA004DEA06 /* Products */;
			projectDirPath = "";
			projectRoot = "";
			targets = (
				7518BCC82534BABA004DEA06 /* Recipe-Book */,
			);
		};
/* End PBXProject section */

/* Begin PBXResourcesBuildPhase section */
		7518BCC72534BABA004DEA06 /* Resources */ = {
			isa = PBXResourcesBuildPhase;
			buildActionMask = 2147483647;
			files = (
				7518BCD92534BABD004DEA06 /* LaunchScreen.storyboard in Resources */,
				7518BCD62534BABD004DEA06 /* Assets.xcassets in Resources */,
				7518BCD42534BABA004DEA06 /* Main.storyboard in Resources */,
			);
			runOnlyForDeploymentPostprocessing = 0;
		};
/* End PBXResourcesBuildPhase section */

/* Begin PBXShellScriptBuildPhase section */
		6D51A055AFB165713DF6916A /* [CP] Embed Pods Frameworks */ = {
			isa = PBXShellScriptBuildPhase;
			buildActionMask = 2147483647;
			files = (
			);
			inputFileListPaths = (
				"${PODS_ROOT}/Target Support Files/Pods-Recipe-Book/Pods-Recipe-Book-frameworks-${CONFIGURATION}-input-files.xcfilelist",
			);
			name = "[CP] Embed Pods Frameworks";
			outputFileListPaths = (
				"${PODS_ROOT}/Target Support Files/Pods-Recipe-Book/Pods-Recipe-Book-frameworks-${CONFIGURATION}-output-files.xcfilelist",
			);
			runOnlyForDeploymentPostprocessing = 0;
			shellPath = /bin/sh;
			shellScript = "\"${PODS_ROOT}/Target Support Files/Pods-Recipe-Book/Pods-Recipe-Book-frameworks.sh\"\n";
			showEnvVarsInLog = 0;
		};
		D2F3E2D49F1E6870D2D2577E /* [CP] Check Pods Manifest.lock */ = {
			isa = PBXShellScriptBuildPhase;
			buildActionMask = 2147483647;
			files = (
			);
			inputFileListPaths = (
			);
			inputPaths = (
				"${PODS_PODFILE_DIR_PATH}/Podfile.lock",
				"${PODS_ROOT}/Manifest.lock",
			);
			name = "[CP] Check Pods Manifest.lock";
			outputFileListPaths = (
			);
			outputPaths = (
				"$(DERIVED_FILE_DIR)/Pods-Recipe-Book-checkManifestLockResult.txt",
			);
			runOnlyForDeploymentPostprocessing = 0;
			shellPath = /bin/sh;
			shellScript = "diff \"${PODS_PODFILE_DIR_PATH}/Podfile.lock\" \"${PODS_ROOT}/Manifest.lock\" > /dev/null\nif [ $? != 0 ] ; then\n    # print error to STDERR\n    echo \"error: The sandbox is not in sync with the Podfile.lock. Run 'pod install' or update your CocoaPods installation.\" >&2\n    exit 1\nfi\n# This output is used by Xcode 'outputs' to avoid re-running this script phase.\necho \"SUCCESS\" > \"${SCRIPT_OUTPUT_FILE_0}\"\n";
			showEnvVarsInLog = 0;
		};
/* End PBXShellScriptBuildPhase section */

/* Begin PBXSourcesBuildPhase section */
		7518BCC52534BABA004DEA06 /* Sources */ = {
			isa = PBXSourcesBuildPhase;
			buildActionMask = 2147483647;
			files = (
				75994CC125443A3200275FC0 /* RecipesViewController.swift in Sources */,
				75994CBE25443A3200275FC0 /* RecipeViewController.swift in Sources */,
				75994CBC25443A3200275FC0 /* IngridientsTableView.swift in Sources */,
				75994CBF25443A3200275FC0 /* IngridientTableViewCell.swift in Sources */,
				7527F41A25386D6100567122 /* LoginNetworkService.swift in Sources */,
				75994C9E25438E9600275FC0 /* ShoppingPresenter.swift in Sources */,
				7527F3F12537812800567122 /* LoginPresenter.swift in Sources */,
				7527F41025385CD300567122 /* RegistrationPresenter.swift in Sources */,
				75994CBA25443A3200275FC0 /* Recipe.swift in Sources */,
				7527F41E25387EE900567122 /* Error.swift in Sources */,
				75994CDB2545C0EB00275FC0 /* PresentAnimation.swift in Sources */,
				75994C5D254310EA00275FC0 /* ShoppingViewController.swift in Sources */,
				75DA484D253B4B0700AEDA22 /* PhoneNetworkService.swift in Sources */,
				75C430C62536C40B001C261E /* LoginViewController.swift in Sources */,
				7518BCCD2534BABA004DEA06 /* AppDelegate.swift in Sources */,
				75F710C92559E2A700199184 /* ProductListRealm.swift in Sources */,
				75DA4856253C6D7700AEDA22 /* LaunchViewController.swift in Sources */,
				75DA4847253B4AD300AEDA22 /* PhoneViewController.swift in Sources */,
				7527F41525386ADD00567122 /* NetworkService.swift in Sources */,
				75994CB625443A3200275FC0 /* RecipesPresenter.swift in Sources */,
				75994CBB25443A3200275FC0 /* StepsTableView.swift in Sources */,
				7527F40D25385CBE00567122 /* RegistrationViewController.swift in Sources */,
				75F710CC2559F50300199184 /* DatabaseService.swift in Sources */,
				75994CB925443A3200275FC0 /* RecipesNetworkService.swift in Sources */,
				75994C542543072500275FC0 /* CheckBox.swift in Sources */,
				75994CB725443A3200275FC0 /* RecipePresenter.swift in Sources */,
				75994CD52544EFB800275FC0 /* PresentationController.swift in Sources */,
				75994C9B25438A8700275FC0 /* Product.swift in Sources */,
				75994CDE2545C10100275FC0 /* DismissAnimation.swift in Sources */,
				7527F424253888CA00567122 /* LoginUser.swift in Sources */,
				75994CE12547018700275FC0 /* DataBaseService.swift in Sources */,
				75994C5A25430C3000275FC0 /* ShoppingCell.swift in Sources */,
				75DA485D253C6F1600AEDA22 /* LaunchNetworkServices.swift in Sources */,
				75994CD82544F52200275FC0 /* DimmPresentationController.swift in Sources */,
				75994C602543254400275FC0 /* Session.swift in Sources */,
				7527F3F8253799E500567122 /* User.swift in Sources */,
				75994CBD25443A3200275FC0 /* StepTableViewCell.swift in Sources */,
				75994CC025443A3200275FC0 /* RecipeTableViewCell.swift in Sources */,
				75994C6325432B3700275FC0 /* SmsCode.swift in Sources */,
				75994CD22544EEC400275FC0 /* PanelTransition.swift in Sources */,
				75994CCB2544A2BB00275FC0 /* ProductCreatorViewController.swift in Sources */,
				75DA483E253B336F00AEDA22 /* SettingsService.swift in Sources */,
				7518BCCF2534BABA004DEA06 /* SceneDelegate.swift in Sources */,
				7527F421253884D000567122 /* UserResponse.swift in Sources */,
				75DA484A253B4AF800AEDA22 /* PhonePresenter.swift in Sources */,
				7527F430253A025900567122 /* RegistrationNetworkService.swift in Sources */,
				75DA4859253C6D9500AEDA22 /* LaunchPresenter.swift in Sources */,
				7527F42725388C2300567122 /* RegisterUser.swift in Sources */,
				75F710C22559D5F000199184 /* ProductRealm.swift in Sources */,
			);
			runOnlyForDeploymentPostprocessing = 0;
		};
/* End PBXSourcesBuildPhase section */

/* Begin PBXVariantGroup section */
		7518BCD22534BABA004DEA06 /* Main.storyboard */ = {
			isa = PBXVariantGroup;
			children = (
				7518BCD32534BABA004DEA06 /* Base */,
			);
			name = Main.storyboard;
			sourceTree = "<group>";
		};
		7518BCD72534BABD004DEA06 /* LaunchScreen.storyboard */ = {
			isa = PBXVariantGroup;
			children = (
				7518BCD82534BABD004DEA06 /* Base */,
			);
			name = LaunchScreen.storyboard;
			sourceTree = "<group>";
		};
/* End PBXVariantGroup section */

/* Begin XCBuildConfiguration section */
		7518BCDB2534BABD004DEA06 /* Debug */ = {
			isa = XCBuildConfiguration;
			buildSettings = {
				ALWAYS_SEARCH_USER_PATHS = NO;
				CLANG_ANALYZER_NONNULL = YES;
				CLANG_ANALYZER_NUMBER_OBJECT_CONVERSION = YES_AGGRESSIVE;
				CLANG_CXX_LANGUAGE_STANDARD = "gnu++14";
				CLANG_CXX_LIBRARY = "libc++";
				CLANG_ENABLE_MODULES = YES;
				CLANG_ENABLE_OBJC_ARC = YES;
				CLANG_ENABLE_OBJC_WEAK = YES;
				CLANG_WARN_BLOCK_CAPTURE_AUTORELEASING = YES;
				CLANG_WARN_BOOL_CONVERSION = YES;
				CLANG_WARN_COMMA = YES;
				CLANG_WARN_CONSTANT_CONVERSION = YES;
				CLANG_WARN_DEPRECATED_OBJC_IMPLEMENTATIONS = YES;
				CLANG_WARN_DIRECT_OBJC_ISA_USAGE = YES_ERROR;
				CLANG_WARN_DOCUMENTATION_COMMENTS = YES;
				CLANG_WARN_EMPTY_BODY = YES;
				CLANG_WARN_ENUM_CONVERSION = YES;
				CLANG_WARN_INFINITE_RECURSION = YES;
				CLANG_WARN_INT_CONVERSION = YES;
				CLANG_WARN_NON_LITERAL_NULL_CONVERSION = YES;
				CLANG_WARN_OBJC_IMPLICIT_RETAIN_SELF = YES;
				CLANG_WARN_OBJC_LITERAL_CONVERSION = YES;
				CLANG_WARN_OBJC_ROOT_CLASS = YES_ERROR;
				CLANG_WARN_QUOTED_INCLUDE_IN_FRAMEWORK_HEADER = YES;
				CLANG_WARN_RANGE_LOOP_ANALYSIS = YES;
				CLANG_WARN_STRICT_PROTOTYPES = YES;
				CLANG_WARN_SUSPICIOUS_MOVE = YES;
				CLANG_WARN_UNGUARDED_AVAILABILITY = YES_AGGRESSIVE;
				CLANG_WARN_UNREACHABLE_CODE = YES;
				CLANG_WARN__DUPLICATE_METHOD_MATCH = YES;
				COPY_PHASE_STRIP = NO;
				DEBUG_INFORMATION_FORMAT = dwarf;
				ENABLE_STRICT_OBJC_MSGSEND = YES;
				ENABLE_TESTABILITY = YES;
				GCC_C_LANGUAGE_STANDARD = gnu11;
				GCC_DYNAMIC_NO_PIC = NO;
				GCC_NO_COMMON_BLOCKS = YES;
				GCC_OPTIMIZATION_LEVEL = 0;
				GCC_PREPROCESSOR_DEFINITIONS = (
					"DEBUG=1",
					"$(inherited)",
				);
				GCC_WARN_64_TO_32_BIT_CONVERSION = YES;
				GCC_WARN_ABOUT_RETURN_TYPE = YES_ERROR;
				GCC_WARN_UNDECLARED_SELECTOR = YES;
				GCC_WARN_UNINITIALIZED_AUTOS = YES_AGGRESSIVE;
				GCC_WARN_UNUSED_FUNCTION = YES;
				GCC_WARN_UNUSED_VARIABLE = YES;
				IPHONEOS_DEPLOYMENT_TARGET = 13.0;
				MTL_ENABLE_DEBUG_INFO = INCLUDE_SOURCE;
				MTL_FAST_MATH = YES;
				ONLY_ACTIVE_ARCH = YES;
				SDKROOT = iphoneos;
				SWIFT_ACTIVE_COMPILATION_CONDITIONS = DEBUG;
				SWIFT_OPTIMIZATION_LEVEL = "-Onone";
			};
			name = Debug;
		};
		7518BCDC2534BABD004DEA06 /* Release */ = {
			isa = XCBuildConfiguration;
			buildSettings = {
				ALWAYS_SEARCH_USER_PATHS = NO;
				CLANG_ANALYZER_NONNULL = YES;
				CLANG_ANALYZER_NUMBER_OBJECT_CONVERSION = YES_AGGRESSIVE;
				CLANG_CXX_LANGUAGE_STANDARD = "gnu++14";
				CLANG_CXX_LIBRARY = "libc++";
				CLANG_ENABLE_MODULES = YES;
				CLANG_ENABLE_OBJC_ARC = YES;
				CLANG_ENABLE_OBJC_WEAK = YES;
				CLANG_WARN_BLOCK_CAPTURE_AUTORELEASING = YES;
				CLANG_WARN_BOOL_CONVERSION = YES;
				CLANG_WARN_COMMA = YES;
				CLANG_WARN_CONSTANT_CONVERSION = YES;
				CLANG_WARN_DEPRECATED_OBJC_IMPLEMENTATIONS = YES;
				CLANG_WARN_DIRECT_OBJC_ISA_USAGE = YES_ERROR;
				CLANG_WARN_DOCUMENTATION_COMMENTS = YES;
				CLANG_WARN_EMPTY_BODY = YES;
				CLANG_WARN_ENUM_CONVERSION = YES;
				CLANG_WARN_INFINITE_RECURSION = YES;
				CLANG_WARN_INT_CONVERSION = YES;
				CLANG_WARN_NON_LITERAL_NULL_CONVERSION = YES;
				CLANG_WARN_OBJC_IMPLICIT_RETAIN_SELF = YES;
				CLANG_WARN_OBJC_LITERAL_CONVERSION = YES;
				CLANG_WARN_OBJC_ROOT_CLASS = YES_ERROR;
				CLANG_WARN_QUOTED_INCLUDE_IN_FRAMEWORK_HEADER = YES;
				CLANG_WARN_RANGE_LOOP_ANALYSIS = YES;
				CLANG_WARN_STRICT_PROTOTYPES = YES;
				CLANG_WARN_SUSPICIOUS_MOVE = YES;
				CLANG_WARN_UNGUARDED_AVAILABILITY = YES_AGGRESSIVE;
				CLANG_WARN_UNREACHABLE_CODE = YES;
				CLANG_WARN__DUPLICATE_METHOD_MATCH = YES;
				COPY_PHASE_STRIP = NO;
				DEBUG_INFORMATION_FORMAT = "dwarf-with-dsym";
				ENABLE_NS_ASSERTIONS = NO;
				ENABLE_STRICT_OBJC_MSGSEND = YES;
				GCC_C_LANGUAGE_STANDARD = gnu11;
				GCC_NO_COMMON_BLOCKS = YES;
				GCC_WARN_64_TO_32_BIT_CONVERSION = YES;
				GCC_WARN_ABOUT_RETURN_TYPE = YES_ERROR;
				GCC_WARN_UNDECLARED_SELECTOR = YES;
				GCC_WARN_UNINITIALIZED_AUTOS = YES_AGGRESSIVE;
				GCC_WARN_UNUSED_FUNCTION = YES;
				GCC_WARN_UNUSED_VARIABLE = YES;
				IPHONEOS_DEPLOYMENT_TARGET = 13.0;
				MTL_ENABLE_DEBUG_INFO = NO;
				MTL_FAST_MATH = YES;
				SDKROOT = iphoneos;
				SWIFT_COMPILATION_MODE = wholemodule;
				SWIFT_OPTIMIZATION_LEVEL = "-O";
				VALIDATE_PRODUCT = YES;
			};
			name = Release;
		};
		7518BCDE2534BABD004DEA06 /* Debug */ = {
			isa = XCBuildConfiguration;
			baseConfigurationReference = 89B917C489D5646649889660 /* Pods-Recipe-Book.debug.xcconfig */;
			buildSettings = {
				ASSETCATALOG_COMPILER_APPICON_NAME = AppIcon;
				ASSETCATALOG_COMPILER_GLOBAL_ACCENT_COLOR_NAME = AccentColor;
				CODE_SIGN_STYLE = Automatic;
				DEVELOPMENT_TEAM = DSM5M6VUK9;
				INFOPLIST_FILE = "Recipe-Book/Common/Info.plist";
				IPHONEOS_DEPLOYMENT_TARGET = 13.0;
				LD_RUNPATH_SEARCH_PATHS = (
					"$(inherited)",
					"@executable_path/Frameworks",
				);
				PRODUCT_BUNDLE_IDENTIFIER = huvalk.recipe;
				PRODUCT_NAME = "$(TARGET_NAME)";
				SWIFT_VERSION = 5.0;
				TARGETED_DEVICE_FAMILY = "1,2";
			};
			name = Debug;
		};
		7518BCDF2534BABD004DEA06 /* Release */ = {
			isa = XCBuildConfiguration;
			baseConfigurationReference = AAC12EF1573FBEC2760C9237 /* Pods-Recipe-Book.release.xcconfig */;
			buildSettings = {
				ASSETCATALOG_COMPILER_APPICON_NAME = AppIcon;
				ASSETCATALOG_COMPILER_GLOBAL_ACCENT_COLOR_NAME = AccentColor;
				CODE_SIGN_STYLE = Automatic;
				DEVELOPMENT_TEAM = DSM5M6VUK9;
				INFOPLIST_FILE = "Recipe-Book/Common/Info.plist";
				IPHONEOS_DEPLOYMENT_TARGET = 13.0;
				LD_RUNPATH_SEARCH_PATHS = (
					"$(inherited)",
					"@executable_path/Frameworks",
				);
				PRODUCT_BUNDLE_IDENTIFIER = huvalk.recipe;
				PRODUCT_NAME = "$(TARGET_NAME)";
				SWIFT_VERSION = 5.0;
				TARGETED_DEVICE_FAMILY = "1,2";
			};
			name = Release;
		};
/* End XCBuildConfiguration section */

/* Begin XCConfigurationList section */
		7518BCC42534BABA004DEA06 /* Build configuration list for PBXProject "Recipe-Book" */ = {
			isa = XCConfigurationList;
			buildConfigurations = (
				7518BCDB2534BABD004DEA06 /* Debug */,
				7518BCDC2534BABD004DEA06 /* Release */,
			);
			defaultConfigurationIsVisible = 0;
			defaultConfigurationName = Release;
		};
		7518BCDD2534BABD004DEA06 /* Build configuration list for PBXNativeTarget "Recipe-Book" */ = {
			isa = XCConfigurationList;
			buildConfigurations = (
				7518BCDE2534BABD004DEA06 /* Debug */,
				7518BCDF2534BABD004DEA06 /* Release */,
			);
			defaultConfigurationIsVisible = 0;
			defaultConfigurationName = Release;
		};
/* End XCConfigurationList section */
	};
	rootObject = 7518BCC12534BABA004DEA06 /* Project object */;
}
