// !$*UTF8*$!
{
	archiveVersion = 1;
	classes = {
	};
	objectVersion = 50;
	objects = {

/* Begin PBXBuildFile section */
		7518BCCD2534BABA004DEA06 /* AppDelegate.swift in Sources */ = {isa = PBXBuildFile; fileRef = 7518BCCC2534BABA004DEA06 /* AppDelegate.swift */; };
		7518BCCF2534BABA004DEA06 /* SceneDelegate.swift in Sources */ = {isa = PBXBuildFile; fileRef = 7518BCCE2534BABA004DEA06 /* SceneDelegate.swift */; };
		7518BCD42534BABA004DEA06 /* Main.storyboard in Resources */ = {isa = PBXBuildFile; fileRef = 7518BCD22534BABA004DEA06 /* Main.storyboard */; };
		7518BCD62534BABD004DEA06 /* Assets.xcassets in Resources */ = {isa = PBXBuildFile; fileRef = 7518BCD52534BABD004DEA06 /* Assets.xcassets */; };
		7518BCD92534BABD004DEA06 /* LaunchScreen.storyboard in Resources */ = {isa = PBXBuildFile; fileRef = 7518BCD72534BABD004DEA06 /* LaunchScreen.storyboard */; };
		7527F3F12537812800567122 /* LoginPresenter.swift in Sources */ = {isa = PBXBuildFile; fileRef = 7527F3F02537812800567122 /* LoginPresenter.swift */; };
		7527F3F8253799E500567122 /* User.swift in Sources */ = {isa = PBXBuildFile; fileRef = 7527F3F7253799E500567122 /* User.swift */; };
		75C430C62536C40B001C261E /* LoginViewController.swift in Sources */ = {isa = PBXBuildFile; fileRef = 75C430C52536C40B001C261E /* LoginViewController.swift */; };
		CE458E4F2538CC59009B46A6 /* RecipesViewController.swift in Sources */ = {isa = PBXBuildFile; fileRef = CE458E4E2538CC59009B46A6 /* RecipesViewController.swift */; };
		CE458E532538CD57009B46A6 /* RecipeTableViewCell.swift in Sources */ = {isa = PBXBuildFile; fileRef = CE458E522538CD57009B46A6 /* RecipeTableViewCell.swift */; };
		CE458E632539A849009B46A6 /* RecipesPresenter.swift in Sources */ = {isa = PBXBuildFile; fileRef = CE458E622539A849009B46A6 /* RecipesPresenter.swift */; };
		CE458E662539A87B009B46A6 /* Recipe.swift in Sources */ = {isa = PBXBuildFile; fileRef = CE458E652539A87B009B46A6 /* Recipe.swift */; };
		CE458E6B2539D1B5009B46A6 /* RecipeViewController.swift in Sources */ = {isa = PBXBuildFile; fileRef = CE458E6A2539D1B5009B46A6 /* RecipeViewController.swift */; };
/* End PBXBuildFile section */

/* Begin PBXFileReference section */
		7518BCC92534BABA004DEA06 /* Recipe-Book.app */ = {isa = PBXFileReference; explicitFileType = wrapper.application; includeInIndex = 0; path = "Recipe-Book.app"; sourceTree = BUILT_PRODUCTS_DIR; };
		7518BCCC2534BABA004DEA06 /* AppDelegate.swift */ = {isa = PBXFileReference; lastKnownFileType = sourcecode.swift; path = AppDelegate.swift; sourceTree = "<group>"; };
		7518BCCE2534BABA004DEA06 /* SceneDelegate.swift */ = {isa = PBXFileReference; lastKnownFileType = sourcecode.swift; path = SceneDelegate.swift; sourceTree = "<group>"; };
		7518BCD32534BABA004DEA06 /* Base */ = {isa = PBXFileReference; lastKnownFileType = file.storyboard; name = Base; path = Base.lproj/Main.storyboard; sourceTree = "<group>"; };
		7518BCD52534BABD004DEA06 /* Assets.xcassets */ = {isa = PBXFileReference; lastKnownFileType = folder.assetcatalog; path = Assets.xcassets; sourceTree = "<group>"; };
		7518BCD82534BABD004DEA06 /* Base */ = {isa = PBXFileReference; lastKnownFileType = file.storyboard; name = Base; path = Base.lproj/LaunchScreen.storyboard; sourceTree = "<group>"; };
		7518BCDA2534BABD004DEA06 /* Info.plist */ = {isa = PBXFileReference; lastKnownFileType = text.plist.xml; path = Info.plist; sourceTree = "<group>"; };
		7527F3F02537812800567122 /* LoginPresenter.swift */ = {isa = PBXFileReference; lastKnownFileType = sourcecode.swift; path = LoginPresenter.swift; sourceTree = "<group>"; };
		7527F3F7253799E500567122 /* User.swift */ = {isa = PBXFileReference; lastKnownFileType = sourcecode.swift; path = User.swift; sourceTree = "<group>"; };
		75C430C52536C40B001C261E /* LoginViewController.swift */ = {isa = PBXFileReference; lastKnownFileType = sourcecode.swift; path = LoginViewController.swift; sourceTree = "<group>"; };
		CE458E4E2538CC59009B46A6 /* RecipesViewController.swift */ = {isa = PBXFileReference; lastKnownFileType = sourcecode.swift; path = RecipesViewController.swift; sourceTree = "<group>"; };
		CE458E522538CD57009B46A6 /* RecipeTableViewCell.swift */ = {isa = PBXFileReference; lastKnownFileType = sourcecode.swift; path = RecipeTableViewCell.swift; sourceTree = "<group>"; };
		CE458E622539A849009B46A6 /* RecipesPresenter.swift */ = {isa = PBXFileReference; lastKnownFileType = sourcecode.swift; path = RecipesPresenter.swift; sourceTree = "<group>"; };
		CE458E652539A87B009B46A6 /* Recipe.swift */ = {isa = PBXFileReference; lastKnownFileType = sourcecode.swift; path = Recipe.swift; sourceTree = "<group>"; };
		CE458E6A2539D1B5009B46A6 /* RecipeViewController.swift */ = {isa = PBXFileReference; lastKnownFileType = sourcecode.swift; path = RecipeViewController.swift; sourceTree = "<group>"; };
/* End PBXFileReference section */

/* Begin PBXFrameworksBuildPhase section */
		7518BCC62534BABA004DEA06 /* Frameworks */ = {
			isa = PBXFrameworksBuildPhase;
			buildActionMask = 2147483647;
			files = (
			);
			runOnlyForDeploymentPostprocessing = 0;
		};
/* End PBXFrameworksBuildPhase section */

/* Begin PBXGroup section */
		7518BCC02534BABA004DEA06 = {
			isa = PBXGroup;
			children = (
				7518BCCB2534BABA004DEA06 /* Recipe-Book */,
				7518BCCA2534BABA004DEA06 /* Products */,
			);
			sourceTree = "<group>";
		};
		7518BCCA2534BABA004DEA06 /* Products */ = {
			isa = PBXGroup;
			children = (
				7518BCC92534BABA004DEA06 /* Recipe-Book.app */,
			);
			name = Products;
			sourceTree = "<group>";
		};
		7518BCCB2534BABA004DEA06 /* Recipe-Book */ = {
			isa = PBXGroup;
			children = (
				CE458E4A2538CC2C009B46A6 /* Recipes */,
				7527F3FE253839E800567122 /* Common */,
				7527F3FA2538393F00567122 /* App */,
				7527F3F32537997600567122 /* Login */,
			);
			path = "Recipe-Book";
			sourceTree = "<group>";
		};
		7527F3F32537997600567122 /* Login */ = {
			isa = PBXGroup;
			children = (
				7527F3F62537999200567122 /* Model */,
				7527F3F42537998100567122 /* View */,
				7527F3F52537998800567122 /* Presenter */,
			);
			path = Login;
			sourceTree = "<group>";
		};
		7527F3F42537998100567122 /* View */ = {
			isa = PBXGroup;
			children = (
				75C430C52536C40B001C261E /* LoginViewController.swift */,
			);
			path = View;
			sourceTree = "<group>";
		};
		7527F3F52537998800567122 /* Presenter */ = {
			isa = PBXGroup;
			children = (
				7527F3F02537812800567122 /* LoginPresenter.swift */,
			);
			path = Presenter;
			sourceTree = "<group>";
		};
		7527F3F62537999200567122 /* Model */ = {
			isa = PBXGroup;
			children = (
				7527F3F7253799E500567122 /* User.swift */,
			);
			path = Model;
			sourceTree = "<group>";
		};
		7527F3FA2538393F00567122 /* App */ = {
			isa = PBXGroup;
			children = (
				7527F3FB2538394D00567122 /* Model */,
				7527F3FD2538396000567122 /* View */,
				7527F3FC2538395400567122 /* Presenter */,
			);
			path = App;
			sourceTree = "<group>";
		};
		7527F3FB2538394D00567122 /* Model */ = {
			isa = PBXGroup;
			children = (
			);
			path = Model;
			sourceTree = "<group>";
		};
		7527F3FC2538395400567122 /* Presenter */ = {
			isa = PBXGroup;
			children = (
				7518BCCC2534BABA004DEA06 /* AppDelegate.swift */,
			);
			path = Presenter;
			sourceTree = "<group>";
		};
		7527F3FD2538396000567122 /* View */ = {
			isa = PBXGroup;
			children = (
				7518BCCE2534BABA004DEA06 /* SceneDelegate.swift */,
				7518BCD22534BABA004DEA06 /* Main.storyboard */,
				7518BCD72534BABD004DEA06 /* LaunchScreen.storyboard */,
			);
			path = View;
			sourceTree = "<group>";
		};
		7527F3FE253839E800567122 /* Common */ = {
			isa = PBXGroup;
			children = (
				7518BCD52534BABD004DEA06 /* Assets.xcassets */,
				7518BCDA2534BABD004DEA06 /* Info.plist */,
			);
			path = Common;
			sourceTree = "<group>";
		};
		CE458E4A2538CC2C009B46A6 /* Recipes */ = {
			isa = PBXGroup;
			children = (
				CE458E4D2538CC43009B46A6 /* Model */,
				CE458E4C2538CC3B009B46A6 /* View */,
				CE458E4B2538CC33009B46A6 /* Presenter */,
			);
			path = Recipes;
			sourceTree = "<group>";
		};
		CE458E4B2538CC33009B46A6 /* Presenter */ = {
			isa = PBXGroup;
			children = (
				CE458E622539A849009B46A6 /* RecipesPresenter.swift */,
			);
			path = Presenter;
			sourceTree = "<group>";
		};
		CE458E4C2538CC3B009B46A6 /* View */ = {
			isa = PBXGroup;
			children = (
				CE458E4E2538CC59009B46A6 /* RecipesViewController.swift */,
				CE458E522538CD57009B46A6 /* RecipeTableViewCell.swift */,
				CE458E6A2539D1B5009B46A6 /* RecipeViewController.swift */,
			);
			path = View;
			sourceTree = "<group>";
		};
		CE458E4D2538CC43009B46A6 /* Model */ = {
			isa = PBXGroup;
			children = (
				CE458E652539A87B009B46A6 /* Recipe.swift */,
			);
			path = Model;
			sourceTree = "<group>";
		};
/* End PBXGroup section */

/* Begin PBXNativeTarget section */
		7518BCC82534BABA004DEA06 /* Recipe-Book */ = {
			isa = PBXNativeTarget;
			buildConfigurationList = 7518BCDD2534BABD004DEA06 /* Build configuration list for PBXNativeTarget "Recipe-Book" */;
			buildPhases = (
				7518BCC52534BABA004DEA06 /* Sources */,
				7518BCC62534BABA004DEA06 /* Frameworks */,
				7518BCC72534BABA004DEA06 /* Resources */,
			);
			buildRules = (
			);
			dependencies = (
			);
			name = "Recipe-Book";
			productName = "Recipe-Book";
			productReference = 7518BCC92534BABA004DEA06 /* Recipe-Book.app */;
			productType = "com.apple.product-type.application";
		};
/* End PBXNativeTarget section */

/* Begin PBXProject section */
		7518BCC12534BABA004DEA06 /* Project object */ = {
			isa = PBXProject;
			attributes = {
				LastSwiftUpdateCheck = 1200;
				LastUpgradeCheck = 1200;
				TargetAttributes = {
					7518BCC82534BABA004DEA06 = {
						CreatedOnToolsVersion = 12.0.1;
					};
				};
			};
			buildConfigurationList = 7518BCC42534BABA004DEA06 /* Build configuration list for PBXProject "Recipe-Book" */;
			compatibilityVersion = "Xcode 9.3";
			developmentRegion = en;
			hasScannedForEncodings = 0;
			knownRegions = (
				en,
				Base,
			);
			mainGroup = 7518BCC02534BABA004DEA06;
			productRefGroup = 7518BCCA2534BABA004DEA06 /* Products */;
			projectDirPath = "";
			projectRoot = "";
			targets = (
				7518BCC82534BABA004DEA06 /* Recipe-Book */,
			);
		};
/* End PBXProject section */

/* Begin PBXResourcesBuildPhase section */
		7518BCC72534BABA004DEA06 /* Resources */ = {
			isa = PBXResourcesBuildPhase;
			buildActionMask = 2147483647;
			files = (
				7518BCD92534BABD004DEA06 /* LaunchScreen.storyboard in Resources */,
				7518BCD62534BABD004DEA06 /* Assets.xcassets in Resources */,
				7518BCD42534BABA004DEA06 /* Main.storyboard in Resources */,
			);
			runOnlyForDeploymentPostprocessing = 0;
		};
/* End PBXResourcesBuildPhase section */

/* Begin PBXSourcesBuildPhase section */
		7518BCC52534BABA004DEA06 /* Sources */ = {
			isa = PBXSourcesBuildPhase;
			buildActionMask = 2147483647;
			files = (
				7527F3F12537812800567122 /* LoginPresenter.swift in Sources */,
				75C430C62536C40B001C261E /* LoginViewController.swift in Sources */,
				7518BCCD2534BABA004DEA06 /* AppDelegate.swift in Sources */,
				CE458E532538CD57009B46A6 /* RecipeTableViewCell.swift in Sources */,
				CE458E6B2539D1B5009B46A6 /* RecipeViewController.swift in Sources */,
				CE458E632539A849009B46A6 /* RecipesPresenter.swift in Sources */,
				7527F3F8253799E500567122 /* User.swift in Sources */,
				CE458E662539A87B009B46A6 /* Recipe.swift in Sources */,
				CE458E4F2538CC59009B46A6 /* RecipesViewController.swift in Sources */,
				7518BCCF2534BABA004DEA06 /* SceneDelegate.swift in Sources */,
			);
			runOnlyForDeploymentPostprocessing = 0;
		};
/* End PBXSourcesBuildPhase section */

/* Begin PBXVariantGroup section */
		7518BCD22534BABA004DEA06 /* Main.storyboard */ = {
			isa = PBXVariantGroup;
			children = (
				7518BCD32534BABA004DEA06 /* Base */,
			);
			name = Main.storyboard;
			sourceTree = "<group>";
		};
		7518BCD72534BABD004DEA06 /* LaunchScreen.storyboard */ = {
			isa = PBXVariantGroup;
			children = (
				7518BCD82534BABD004DEA06 /* Base */,
			);
			name = LaunchScreen.storyboard;
			sourceTree = "<group>";
		};
/* End PBXVariantGroup section */

/* Begin XCBuildConfiguration section */
		7518BCDB2534BABD004DEA06 /* Debug */ = {
			isa = XCBuildConfiguration;
			buildSettings = {
				ALWAYS_SEARCH_USER_PATHS = NO;
				CLANG_ANALYZER_NONNULL = YES;
				CLANG_ANALYZER_NUMBER_OBJECT_CONVERSION = YES_AGGRESSIVE;
				CLANG_CXX_LANGUAGE_STANDARD = "gnu++14";
				CLANG_CXX_LIBRARY = "libc++";
				CLANG_ENABLE_MODULES = YES;
				CLANG_ENABLE_OBJC_ARC = YES;
				CLANG_ENABLE_OBJC_WEAK = YES;
				CLANG_WARN_BLOCK_CAPTURE_AUTORELEASING = YES;
				CLANG_WARN_BOOL_CONVERSION = YES;
				CLANG_WARN_COMMA = YES;
				CLANG_WARN_CONSTANT_CONVERSION = YES;
				CLANG_WARN_DEPRECATED_OBJC_IMPLEMENTATIONS = YES;
				CLANG_WARN_DIRECT_OBJC_ISA_USAGE = YES_ERROR;
				CLANG_WARN_DOCUMENTATION_COMMENTS = YES;
				CLANG_WARN_EMPTY_BODY = YES;
				CLANG_WARN_ENUM_CONVERSION = YES;
				CLANG_WARN_INFINITE_RECURSION = YES;
				CLANG_WARN_INT_CONVERSION = YES;
				CLANG_WARN_NON_LITERAL_NULL_CONVERSION = YES;
				CLANG_WARN_OBJC_IMPLICIT_RETAIN_SELF = YES;
				CLANG_WARN_OBJC_LITERAL_CONVERSION = YES;
				CLANG_WARN_OBJC_ROOT_CLASS = YES_ERROR;
				CLANG_WARN_QUOTED_INCLUDE_IN_FRAMEWORK_HEADER = YES;
				CLANG_WARN_RANGE_LOOP_ANALYSIS = YES;
				CLANG_WARN_STRICT_PROTOTYPES = YES;
				CLANG_WARN_SUSPICIOUS_MOVE = YES;
				CLANG_WARN_UNGUARDED_AVAILABILITY = YES_AGGRESSIVE;
				CLANG_WARN_UNREACHABLE_CODE = YES;
				CLANG_WARN__DUPLICATE_METHOD_MATCH = YES;
				COPY_PHASE_STRIP = NO;
				DEBUG_INFORMATION_FORMAT = dwarf;
				ENABLE_STRICT_OBJC_MSGSEND = YES;
				ENABLE_TESTABILITY = YES;
				GCC_C_LANGUAGE_STANDARD = gnu11;
				GCC_DYNAMIC_NO_PIC = NO;
				GCC_NO_COMMON_BLOCKS = YES;
				GCC_OPTIMIZATION_LEVEL = 0;
				GCC_PREPROCESSOR_DEFINITIONS = (
					"DEBUG=1",
					"$(inherited)",
				);
				GCC_WARN_64_TO_32_BIT_CONVERSION = YES;
				GCC_WARN_ABOUT_RETURN_TYPE = YES_ERROR;
				GCC_WARN_UNDECLARED_SELECTOR = YES;
				GCC_WARN_UNINITIALIZED_AUTOS = YES_AGGRESSIVE;
				GCC_WARN_UNUSED_FUNCTION = YES;
				GCC_WARN_UNUSED_VARIABLE = YES;
				IPHONEOS_DEPLOYMENT_TARGET = 14.0;
				MTL_ENABLE_DEBUG_INFO = INCLUDE_SOURCE;
				MTL_FAST_MATH = YES;
				ONLY_ACTIVE_ARCH = YES;
				SDKROOT = iphoneos;
				SWIFT_ACTIVE_COMPILATION_CONDITIONS = DEBUG;
				SWIFT_OPTIMIZATION_LEVEL = "-Onone";
			};
			name = Debug;
		};
		7518BCDC2534BABD004DEA06 /* Release */ = {
			isa = XCBuildConfiguration;
			buildSettings = {
				ALWAYS_SEARCH_USER_PATHS = NO;
				CLANG_ANALYZER_NONNULL = YES;
				CLANG_ANALYZER_NUMBER_OBJECT_CONVERSION = YES_AGGRESSIVE;
				CLANG_CXX_LANGUAGE_STANDARD = "gnu++14";
				CLANG_CXX_LIBRARY = "libc++";
				CLANG_ENABLE_MODULES = YES;
				CLANG_ENABLE_OBJC_ARC = YES;
				CLANG_ENABLE_OBJC_WEAK = YES;
				CLANG_WARN_BLOCK_CAPTURE_AUTORELEASING = YES;
				CLANG_WARN_BOOL_CONVERSION = YES;
				CLANG_WARN_COMMA = YES;
				CLANG_WARN_CONSTANT_CONVERSION = YES;
				CLANG_WARN_DEPRECATED_OBJC_IMPLEMENTATIONS = YES;
				CLANG_WARN_DIRECT_OBJC_ISA_USAGE = YES_ERROR;
				CLANG_WARN_DOCUMENTATION_COMMENTS = YES;
				CLANG_WARN_EMPTY_BODY = YES;
				CLANG_WARN_ENUM_CONVERSION = YES;
				CLANG_WARN_INFINITE_RECURSION = YES;
				CLANG_WARN_INT_CONVERSION = YES;
				CLANG_WARN_NON_LITERAL_NULL_CONVERSION = YES;
				CLANG_WARN_OBJC_IMPLICIT_RETAIN_SELF = YES;
				CLANG_WARN_OBJC_LITERAL_CONVERSION = YES;
				CLANG_WARN_OBJC_ROOT_CLASS = YES_ERROR;
				CLANG_WARN_QUOTED_INCLUDE_IN_FRAMEWORK_HEADER = YES;
				CLANG_WARN_RANGE_LOOP_ANALYSIS = YES;
				CLANG_WARN_STRICT_PROTOTYPES = YES;
				CLANG_WARN_SUSPICIOUS_MOVE = YES;
				CLANG_WARN_UNGUARDED_AVAILABILITY = YES_AGGRESSIVE;
				CLANG_WARN_UNREACHABLE_CODE = YES;
				CLANG_WARN__DUPLICATE_METHOD_MATCH = YES;
				COPY_PHASE_STRIP = NO;
				DEBUG_INFORMATION_FORMAT = "dwarf-with-dsym";
				ENABLE_NS_ASSERTIONS = NO;
				ENABLE_STRICT_OBJC_MSGSEND = YES;
				GCC_C_LANGUAGE_STANDARD = gnu11;
				GCC_NO_COMMON_BLOCKS = YES;
				GCC_WARN_64_TO_32_BIT_CONVERSION = YES;
				GCC_WARN_ABOUT_RETURN_TYPE = YES_ERROR;
				GCC_WARN_UNDECLARED_SELECTOR = YES;
				GCC_WARN_UNINITIALIZED_AUTOS = YES_AGGRESSIVE;
				GCC_WARN_UNUSED_FUNCTION = YES;
				GCC_WARN_UNUSED_VARIABLE = YES;
				IPHONEOS_DEPLOYMENT_TARGET = 14.0;
				MTL_ENABLE_DEBUG_INFO = NO;
				MTL_FAST_MATH = YES;
				SDKROOT = iphoneos;
				SWIFT_COMPILATION_MODE = wholemodule;
				SWIFT_OPTIMIZATION_LEVEL = "-O";
				VALIDATE_PRODUCT = YES;
			};
			name = Release;
		};
		7518BCDE2534BABD004DEA06 /* Debug */ = {
			isa = XCBuildConfiguration;
			buildSettings = {
				ASSETCATALOG_COMPILER_APPICON_NAME = AppIcon;
				ASSETCATALOG_COMPILER_GLOBAL_ACCENT_COLOR_NAME = AccentColor;
				CODE_SIGN_STYLE = Automatic;
				DEVELOPMENT_TEAM = DSM5M6VUK9;
				INFOPLIST_FILE = "Recipe-Book/Common/Info.plist";
				IPHONEOS_DEPLOYMENT_TARGET = 13.6;
				LD_RUNPATH_SEARCH_PATHS = (
					"$(inherited)",
					"@executable_path/Frameworks",
				);
				PRODUCT_BUNDLE_IDENTIFIER = "huvalk.Recipe-Book";
				PRODUCT_NAME = "$(TARGET_NAME)";
				SWIFT_VERSION = 5.0;
				TARGETED_DEVICE_FAMILY = "1,2";
			};
			name = Debug;
		};
		7518BCDF2534BABD004DEA06 /* Release */ = {
			isa = XCBuildConfiguration;
			buildSettings = {
				ASSETCATALOG_COMPILER_APPICON_NAME = AppIcon;
				ASSETCATALOG_COMPILER_GLOBAL_ACCENT_COLOR_NAME = AccentColor;
				CODE_SIGN_STYLE = Automatic;
				DEVELOPMENT_TEAM = DSM5M6VUK9;
				INFOPLIST_FILE = "Recipe-Book/Common/Info.plist";
				IPHONEOS_DEPLOYMENT_TARGET = 13.6;
				LD_RUNPATH_SEARCH_PATHS = (
					"$(inherited)",
					"@executable_path/Frameworks",
				);
				PRODUCT_BUNDLE_IDENTIFIER = "huvalk.Recipe-Book";
				PRODUCT_NAME = "$(TARGET_NAME)";
				SWIFT_VERSION = 5.0;
				TARGETED_DEVICE_FAMILY = "1,2";
			};
			name = Release;
		};
/* End XCBuildConfiguration section */

/* Begin XCConfigurationList section */
		7518BCC42534BABA004DEA06 /* Build configuration list for PBXProject "Recipe-Book" */ = {
			isa = XCConfigurationList;
			buildConfigurations = (
				7518BCDB2534BABD004DEA06 /* Debug */,
				7518BCDC2534BABD004DEA06 /* Release */,
			);
			defaultConfigurationIsVisible = 0;
			defaultConfigurationName = Release;
		};
		7518BCDD2534BABD004DEA06 /* Build configuration list for PBXNativeTarget "Recipe-Book" */ = {
			isa = XCConfigurationList;
			buildConfigurations = (
				7518BCDE2534BABD004DEA06 /* Debug */,
				7518BCDF2534BABD004DEA06 /* Release */,
			);
			defaultConfigurationIsVisible = 0;
			defaultConfigurationName = Release;
		};
/* End XCConfigurationList section */
	};
	rootObject = 7518BCC12534BABA004DEA06 /* Project object */;
}
